PODS:
  - Alamofire (4.8.1)
  - BaiduMobStatCodeless (4.9.5)
  - Charts (3.2.1):
    - Charts/Core (= 3.2.1)
  - Charts/Core (3.2.1)
  - Crashlytics (3.12.0):
    - Fabric (~> 1.9.0)
  - Fabric (1.9.0)
  - Hero (1.4.0)
  - IQKeyboardManagerSwift (6.2.0)
  - JGProgressHUD (2.0.3)
  - Localize-Swift (2.0.0)
  - MarkdownKit (1.5)
  - MarqueeLabel/Swift (3.2.0)
  - NewPopMenu (2.1.2)
  - NMSSH (2.3.1)
  - NotificationBannerSwift (2.0.1):
    - MarqueeLabel/Swift (~> 3.2.0)
    - SnapKit (~> 4.2.0)
  - PlainPing (0.5)
  - SnapKit (4.2.0)
  - SwiftyJSON (4.2.0)

DEPENDENCIES:
  - Alamofire (~> 4.5)
  - BaiduMobStatCodeless
  - Charts
  - Crashlytics
  - Fabric
  - Hero
  - IQKeyboardManagerSwift
  - JGProgressHUD
  - Localize-Swift (~> 2.0)
  - MarkdownKit
  - NewPopMenu (~> 2.0)
  - NMSSH
  - NotificationBannerSwift
  - PlainPing
  - SwiftyJSON

SPEC REPOS:
  https://github.com/cocoapods/specs.git:
    - Alamofire
    - BaiduMobStatCodeless
    - Charts
    - Crashlytics
    - Fabric
    - Hero
    - IQKeyboardManagerSwift
    - JGProgressHUD
    - Localize-Swift
    - MarkdownKit
    - MarqueeLabel
    - NewPopMenu
    - NMSSH
    - NotificationBannerSwift
    - PlainPing
    - SnapKit
    - SwiftyJSON

SPEC CHECKSUMS:
  Alamofire: 16ce2c353fb72865124ddae8a57c5942388f4f11
  BaiduMobStatCodeless: 8fa2c6bf1cc9f5ec3ec77c69fbf4d5ed195c959a
  Charts: f122fb70b19847fa5817d018b77d6c5a2296ab25
  Crashlytics: 07fb167b1694128c1c9a5a5cc319b0e9c3ca0933
  Fabric: f988e33c97f08930a413e08123064d2e5f68d655
  Hero: bac92350d7201a1a940003e0767c7b52ce7c99a1
  IQKeyboardManagerSwift: b07ccf9d8cafe993dcd6cb794eb4ba34611a0c4e
  JGProgressHUD: 12b20a8f4ffe05258f8635c1ab92816e451f904d
  Localize-Swift: c798ec9286494866f7068f85f7c71283ac5bdab4
  MarkdownKit: 379028e9cd3ebf05ccac87205cd9aead446159d4
  MarqueeLabel: 440a502b91a9179bd98f9fff00ba1150650a1c0e
  NewPopMenu: c6129e08e8192f6257ceb5f9a4357e1b59c6e2e7
  NMSSH: cd689ae535a1581a6dd9fd4600ff71247df510a6
  NotificationBannerSwift: 007774aa590cc9680647b92b2f217bef5c00c32c
  PlainPing: 6b248b94d92be7ec0410952d1b09af43b9a39015
  SnapKit: fe8a619752f3f27075cc9a90244d75c6c3f27e2a
  SwiftyJSON: c4bcba26dd9ec7a027fc8eade48e2c911f229e96

PODFILE CHECKSUM: dee9c14f3235aa84947c999a7550f717b8b37805

COCOAPODS: 1.5.2
