// !$*UTF8*$!
{
	archiveVersion = 1;
	classes = {
	};
	objectVersion = 51;
	objects = {

/* Begin PBXBuildFile section */
		F71A211CDB3CCD9D8CAC0D8A /* Pods_Router.framework in Frameworks */ = {isa = PBXBuildFile; fileRef = 192ADED0C72A8C5BE1DB62AD /* Pods_Router.framework */; };
		F900A7112222564D00F206FA /* ACL-ViewController.swift in Sources */ = {isa = PBXBuildFile; fileRef = F900A7102222564D00F206FA /* ACL-ViewController.swift */; };
		F900A71322229A3B00F206FA /* SettingTable-ViewController.swift in Sources */ = {isa = PBXBuildFile; fileRef = F900A71222229A3B00F206FA /* SettingTable-ViewController.swift */; };
		F900A7162222A66100F206FA /* DictionaryExtensions.swift in Sources */ = {isa = PBXBuildFile; fileRef = F900A7152222A66100F206FA /* DictionaryExtensions.swift */; };
		F91AAE082237D22200B190D1 /* ServiceListClass.swift in Sources */ = {isa = PBXBuildFile; fileRef = F91AAE072237D22200B190D1 /* ServiceListClass.swift */; };
		F91C3035220BDD6200703AF2 /* CoreRunningStatusButton.swift in Sources */ = {isa = PBXBuildFile; fileRef = F91C3034220BDD6200703AF2 /* CoreRunningStatusButton.swift */; };
		F929430F221A6F08000E8BF2 /* App-ViewController.swift in Sources */ = {isa = PBXBuildFile; fileRef = F929430E221A6F08000E8BF2 /* App-ViewController.swift */; };
		F92C220B2228123D0045ACBA /* UnderlinedLabel+UILabel.swift in Sources */ = {isa = PBXBuildFile; fileRef = F92C220A2228123D0045ACBA /* UnderlinedLabel+UILabel.swift */; };
		F93F1D64221BCC7700094CE0 /* Add-ViewController.swift in Sources */ = {isa = PBXBuildFile; fileRef = F93F1D63221BCC7700094CE0 /* Add-ViewController.swift */; };
		F95350A12220083300B2486D /* Connect-ViewController.swift in Sources */ = {isa = PBXBuildFile; fileRef = F95350A02220083300B2486D /* Connect-ViewController.swift */; };
		F95350A42220A21B00B2486D /* List-ViewController.swift in Sources */ = {isa = PBXBuildFile; fileRef = F95350A32220A21B00B2486D /* List-ViewController.swift */; };
		F95350A822218A4300B2486D /* CommnadRead-ViewController.swift in Sources */ = {isa = PBXBuildFile; fileRef = F95350A722218A4300B2486D /* CommnadRead-ViewController.swift */; };
		F955F8ED220C1CCF00202323 /* ServiceStatusView.xib in Resources */ = {isa = PBXBuildFile; fileRef = F955F8EC220C1CCF00202323 /* ServiceStatusView.xib */; };
		F959AA1C22382A3A00551405 /* ConnectClass.swift in Sources */ = {isa = PBXBuildFile; fileRef = F959AA1B22382A3A00551405 /* ConnectClass.swift */; };
		F95A3A70222E8F7E00FEF460 /* setting.json in Resources */ = {isa = PBXBuildFile; fileRef = F95A3A6F222E8F7E00FEF460 /* setting.json */; };
		F95A3A72222E9AF500FEF460 /* SettingDetail-ViewController.swift in Sources */ = {isa = PBXBuildFile; fileRef = F95A3A71222E9AF500FEF460 /* SettingDetail-ViewController.swift */; };
		F95E3FD4220C1F31003046FB /* ServiceStatusView.swift in Sources */ = {isa = PBXBuildFile; fileRef = F95E3FD3220C1F31003046FB /* ServiceStatusView.swift */; };
		F96C81D5224DD9360019B2BA /* AppClass.swift in Sources */ = {isa = PBXBuildFile; fileRef = F96C81D4224DD9360019B2BA /* AppClass.swift */; };
		F971F970220BC38600C5F4B9 /* UIButton+ExtendedHitAreaButton.swift in Sources */ = {isa = PBXBuildFile; fileRef = F971F96E220BC38600C5F4B9 /* UIButton+ExtendedHitAreaButton.swift */; };
		F971F971220BC38600C5F4B9 /* UIView+cornerRadius.swift in Sources */ = {isa = PBXBuildFile; fileRef = F971F96F220BC38600C5F4B9 /* UIView+cornerRadius.swift */; };
		F971F976220BD13800C5F4B9 /* UIColor+Additions.swift in Sources */ = {isa = PBXBuildFile; fileRef = F971F975220BD13800C5F4B9 /* UIColor+Additions.swift */; };
		F9823F3622359D5E006A2411 /* AddNode-ViewController.swift in Sources */ = {isa = PBXBuildFile; fileRef = F9823F3522359D5E006A2411 /* AddNode-ViewController.swift */; };
		F983DF5B222692CA003C1FDD /* Subscribe-ViewController.swift in Sources */ = {isa = PBXBuildFile; fileRef = F983DF5A222692CA003C1FDD /* Subscribe-ViewController.swift */; };
		F984A952220A9D6C0037FE29 /* AppDelegate.swift in Sources */ = {isa = PBXBuildFile; fileRef = F984A951220A9D6C0037FE29 /* AppDelegate.swift */; };
		F984A957220A9D6C0037FE29 /* Main.storyboard in Resources */ = {isa = PBXBuildFile; fileRef = F984A955220A9D6C0037FE29 /* Main.storyboard */; };
		F984A95A220A9D6C0037FE29 /* Router.xcdatamodeld in Sources */ = {isa = PBXBuildFile; fileRef = F984A958220A9D6C0037FE29 /* Router.xcdatamodeld */; };
		F984A95C220A9D6C0037FE29 /* Assets.xcassets in Resources */ = {isa = PBXBuildFile; fileRef = F984A95B220A9D6C0037FE29 /* Assets.xcassets */; };
		F984A95F220A9D6C0037FE29 /* LaunchScreen.storyboard in Resources */ = {isa = PBXBuildFile; fileRef = F984A95D220A9D6C0037FE29 /* LaunchScreen.storyboard */; };
		F9990F50220DECF9006EA8D7 /* Terminal-ViewController.swift in Sources */ = {isa = PBXBuildFile; fileRef = F9990F4F220DECF9006EA8D7 /* Terminal-ViewController.swift */; };
		F9990F52220E8298006EA8D7 /* StringExtensions.swift in Sources */ = {isa = PBXBuildFile; fileRef = F9990F51220E8298006EA8D7 /* StringExtensions.swift */; };
		F9A93028220EB8E100FF7482 /* AppFunctions.swift in Sources */ = {isa = PBXBuildFile; fileRef = F9A93027220EB8E100FF7482 /* AppFunctions.swift */; };
		F9ADC519222946EE00175CB1 /* WalkSetting-ViewController.swift in Sources */ = {isa = PBXBuildFile; fileRef = F9ADC518222946EE00175CB1 /* WalkSetting-ViewController.swift */; };
		F9ADC51B22294A3800175CB1 /* WalkDone-ViewController.swift in Sources */ = {isa = PBXBuildFile; fileRef = F9ADC51A22294A3800175CB1 /* WalkDone-ViewController.swift */; };
		F9ADC51D22294AFD00175CB1 /* Walk-ViewController.swift in Sources */ = {isa = PBXBuildFile; fileRef = F9ADC51C22294AFD00175CB1 /* Walk-ViewController.swift */; };
		F9B4129B220BD56D00756DF8 /* CoreRunningStatusButton.xib in Resources */ = {isa = PBXBuildFile; fileRef = F9B4129A220BD56D00756DF8 /* CoreRunningStatusButton.xib */; };
		F9B81464222BBC1600EFF2CF /* UpdateNotes-ViewController.swift in Sources */ = {isa = PBXBuildFile; fileRef = F9B81463222BBC1600EFF2CF /* UpdateNotes-ViewController.swift */; };
		F9BC920E221A88CF0078BD67 /* Net-ViewController.swift in Sources */ = {isa = PBXBuildFile; fileRef = F9BC920D221A88CF0078BD67 /* Net-ViewController.swift */; };
		F9BC9210221A95E90078BD67 /* NetRequest.swift in Sources */ = {isa = PBXBuildFile; fileRef = F9BC920F221A95E90078BD67 /* NetRequest.swift */; };
		F9BC9216221AAA5F0078BD67 /* JSON-ViewController.swift in Sources */ = {isa = PBXBuildFile; fileRef = F9BC9215221AAA5F0078BD67 /* JSON-ViewController.swift */; };
		F9E7A9B722116FF000332A01 /* UIFont+Additions.swift in Sources */ = {isa = PBXBuildFile; fileRef = F9E7A9B622116FF000332A01 /* UIFont+Additions.swift */; };
		F9F62958223865DC002C49CD /* Localizable.strings in Resources */ = {isa = PBXBuildFile; fileRef = F9F6295A223865DC002C49CD /* Localizable.strings */; };
/* End PBXBuildFile section */

/* Begin PBXFileReference section */
		192ADED0C72A8C5BE1DB62AD /* Pods_Router.framework */ = {isa = PBXFileReference; explicitFileType = wrapper.framework; includeInIndex = 0; path = Pods_Router.framework; sourceTree = BUILT_PRODUCTS_DIR; };
		52F4C94CD876BA2239000F35 /* Pods-Router.release.xcconfig */ = {isa = PBXFileReference; includeInIndex = 1; lastKnownFileType = text.xcconfig; name = "Pods-Router.release.xcconfig"; path = "Pods/Target Support Files/Pods-Router/Pods-Router.release.xcconfig"; sourceTree = "<group>"; };
		661556FF083AC4D2C164D797 /* Pods-Router.debug.xcconfig */ = {isa = PBXFileReference; includeInIndex = 1; lastKnownFileType = text.xcconfig; name = "Pods-Router.debug.xcconfig"; path = "Pods/Target Support Files/Pods-Router/Pods-Router.debug.xcconfig"; sourceTree = "<group>"; };
		F900A7102222564D00F206FA /* ACL-ViewController.swift */ = {isa = PBXFileReference; lastKnownFileType = sourcecode.swift; path = "ACL-ViewController.swift"; sourceTree = "<group>"; };
		F900A71222229A3B00F206FA /* SettingTable-ViewController.swift */ = {isa = PBXFileReference; lastKnownFileType = sourcecode.swift; path = "SettingTable-ViewController.swift"; sourceTree = "<group>"; };
		F900A7152222A66100F206FA /* DictionaryExtensions.swift */ = {isa = PBXFileReference; lastKnownFileType = sourcecode.swift; path = DictionaryExtensions.swift; sourceTree = "<group>"; };
		F91AAE072237D22200B190D1 /* ServiceListClass.swift */ = {isa = PBXFileReference; lastKnownFileType = sourcecode.swift; path = ServiceListClass.swift; sourceTree = "<group>"; };
		F91C3034220BDD6200703AF2 /* CoreRunningStatusButton.swift */ = {isa = PBXFileReference; lastKnownFileType = sourcecode.swift; path = CoreRunningStatusButton.swift; sourceTree = "<group>"; };
		F929430E221A6F08000E8BF2 /* App-ViewController.swift */ = {isa = PBXFileReference; lastKnownFileType = sourcecode.swift; path = "App-ViewController.swift"; sourceTree = "<group>"; };
		F92C220A2228123D0045ACBA /* UnderlinedLabel+UILabel.swift */ = {isa = PBXFileReference; lastKnownFileType = sourcecode.swift; path = "UnderlinedLabel+UILabel.swift"; sourceTree = "<group>"; };
		F93F1D63221BCC7700094CE0 /* Add-ViewController.swift */ = {isa = PBXFileReference; lastKnownFileType = sourcecode.swift; path = "Add-ViewController.swift"; sourceTree = "<group>"; };
		F95350A02220083300B2486D /* Connect-ViewController.swift */ = {isa = PBXFileReference; lastKnownFileType = sourcecode.swift; path = "Connect-ViewController.swift"; sourceTree = "<group>"; };
		F95350A32220A21B00B2486D /* List-ViewController.swift */ = {isa = PBXFileReference; lastKnownFileType = sourcecode.swift; path = "List-ViewController.swift"; sourceTree = "<group>"; };
		F95350A722218A4300B2486D /* CommnadRead-ViewController.swift */ = {isa = PBXFileReference; lastKnownFileType = sourcecode.swift; path = "CommnadRead-ViewController.swift"; sourceTree = "<group>"; };
		F955F8EC220C1CCF00202323 /* ServiceStatusView.xib */ = {isa = PBXFileReference; lastKnownFileType = file.xib; path = ServiceStatusView.xib; sourceTree = "<group>"; };
		F959AA1B22382A3A00551405 /* ConnectClass.swift */ = {isa = PBXFileReference; lastKnownFileType = sourcecode.swift; path = ConnectClass.swift; sourceTree = "<group>"; };
		F95A3A6F222E8F7E00FEF460 /* setting.json */ = {isa = PBXFileReference; fileEncoding = 4; lastKnownFileType = text.json; path = setting.json; sourceTree = "<group>"; };
		F95A3A71222E9AF500FEF460 /* SettingDetail-ViewController.swift */ = {isa = PBXFileReference; lastKnownFileType = sourcecode.swift; path = "SettingDetail-ViewController.swift"; sourceTree = "<group>"; };
		F95E3FD3220C1F31003046FB /* ServiceStatusView.swift */ = {isa = PBXFileReference; lastKnownFileType = sourcecode.swift; path = ServiceStatusView.swift; sourceTree = "<group>"; };
		F96C81D4224DD9360019B2BA /* AppClass.swift */ = {isa = PBXFileReference; lastKnownFileType = sourcecode.swift; path = AppClass.swift; sourceTree = "<group>"; };
		F971F96E220BC38600C5F4B9 /* UIButton+ExtendedHitAreaButton.swift */ = {isa = PBXFileReference; fileEncoding = 4; lastKnownFileType = sourcecode.swift; path = "UIButton+ExtendedHitAreaButton.swift"; sourceTree = "<group>"; };
		F971F96F220BC38600C5F4B9 /* UIView+cornerRadius.swift */ = {isa = PBXFileReference; fileEncoding = 4; lastKnownFileType = sourcecode.swift; path = "UIView+cornerRadius.swift"; sourceTree = "<group>"; };
		F971F975220BD13800C5F4B9 /* UIColor+Additions.swift */ = {isa = PBXFileReference; fileEncoding = 4; lastKnownFileType = sourcecode.swift; path = "UIColor+Additions.swift"; sourceTree = "<group>"; };
		F974F6CB223624AE00F57DD8 /* Router.entitlements */ = {isa = PBXFileReference; lastKnownFileType = text.plist.entitlements; path = Router.entitlements; sourceTree = "<group>"; };
		F9823F3522359D5E006A2411 /* AddNode-ViewController.swift */ = {isa = PBXFileReference; lastKnownFileType = sourcecode.swift; path = "AddNode-ViewController.swift"; sourceTree = "<group>"; };
		F983DF5A222692CA003C1FDD /* Subscribe-ViewController.swift */ = {isa = PBXFileReference; lastKnownFileType = sourcecode.swift; path = "Subscribe-ViewController.swift"; sourceTree = "<group>"; };
		F984A94E220A9D6C0037FE29 /* Router.app */ = {isa = PBXFileReference; explicitFileType = wrapper.application; includeInIndex = 0; path = Router.app; sourceTree = BUILT_PRODUCTS_DIR; };
		F984A951220A9D6C0037FE29 /* AppDelegate.swift */ = {isa = PBXFileReference; lastKnownFileType = sourcecode.swift; path = AppDelegate.swift; sourceTree = "<group>"; };
		F984A956220A9D6C0037FE29 /* Base */ = {isa = PBXFileReference; lastKnownFileType = file.storyboard; name = Base; path = Base.lproj/Main.storyboard; sourceTree = "<group>"; };
		F984A959220A9D6C0037FE29 /* Router.xcdatamodel */ = {isa = PBXFileReference; lastKnownFileType = wrapper.xcdatamodel; path = Router.xcdatamodel; sourceTree = "<group>"; };
		F984A95B220A9D6C0037FE29 /* Assets.xcassets */ = {isa = PBXFileReference; lastKnownFileType = folder.assetcatalog; path = Assets.xcassets; sourceTree = "<group>"; };
		F984A95E220A9D6C0037FE29 /* Base */ = {isa = PBXFileReference; lastKnownFileType = file.storyboard; name = Base; path = Base.lproj/LaunchScreen.storyboard; sourceTree = "<group>"; };
		F984A960220A9D6C0037FE29 /* Info.plist */ = {isa = PBXFileReference; lastKnownFileType = text.plist.xml; path = Info.plist; sourceTree = "<group>"; };
		F9990F4F220DECF9006EA8D7 /* Terminal-ViewController.swift */ = {isa = PBXFileReference; lastKnownFileType = sourcecode.swift; path = "Terminal-ViewController.swift"; sourceTree = "<group>"; };
		F9990F51220E8298006EA8D7 /* StringExtensions.swift */ = {isa = PBXFileReference; lastKnownFileType = sourcecode.swift; path = StringExtensions.swift; sourceTree = "<group>"; };
		F9A93027220EB8E100FF7482 /* AppFunctions.swift */ = {isa = PBXFileReference; lastKnownFileType = sourcecode.swift; path = AppFunctions.swift; sourceTree = "<group>"; };
		F9ADC518222946EE00175CB1 /* WalkSetting-ViewController.swift */ = {isa = PBXFileReference; lastKnownFileType = sourcecode.swift; path = "WalkSetting-ViewController.swift"; sourceTree = "<group>"; };
		F9ADC51A22294A3800175CB1 /* WalkDone-ViewController.swift */ = {isa = PBXFileReference; lastKnownFileType = sourcecode.swift; path = "WalkDone-ViewController.swift"; sourceTree = "<group>"; };
		F9ADC51C22294AFD00175CB1 /* Walk-ViewController.swift */ = {isa = PBXFileReference; lastKnownFileType = sourcecode.swift; path = "Walk-ViewController.swift"; sourceTree = "<group>"; };
		F9B4129A220BD56D00756DF8 /* CoreRunningStatusButton.xib */ = {isa = PBXFileReference; lastKnownFileType = file.xib; path = CoreRunningStatusButton.xib; sourceTree = "<group>"; };
		F9B81463222BBC1600EFF2CF /* UpdateNotes-ViewController.swift */ = {isa = PBXFileReference; lastKnownFileType = sourcecode.swift; path = "UpdateNotes-ViewController.swift"; sourceTree = "<group>"; };
		F9BC920D221A88CF0078BD67 /* Net-ViewController.swift */ = {isa = PBXFileReference; lastKnownFileType = sourcecode.swift; path = "Net-ViewController.swift"; sourceTree = "<group>"; };
		F9BC920F221A95E90078BD67 /* NetRequest.swift */ = {isa = PBXFileReference; lastKnownFileType = sourcecode.swift; path = NetRequest.swift; sourceTree = "<group>"; };
		F9BC9215221AAA5F0078BD67 /* JSON-ViewController.swift */ = {isa = PBXFileReference; lastKnownFileType = sourcecode.swift; path = "JSON-ViewController.swift"; sourceTree = "<group>"; };
		F9E7A9B622116FF000332A01 /* UIFont+Additions.swift */ = {isa = PBXFileReference; fileEncoding = 4; lastKnownFileType = sourcecode.swift; path = "UIFont+Additions.swift"; sourceTree = "<group>"; };
		F9F6295222385D8D002C49CD /* zh-Hans */ = {isa = PBXFileReference; lastKnownFileType = text.plist.strings; name = "zh-Hans"; path = "zh-Hans.lproj/Main.strings"; sourceTree = "<group>"; };
		F9F6295322385D8D002C49CD /* zh-Hans */ = {isa = PBXFileReference; lastKnownFileType = text.plist.strings; name = "zh-Hans"; path = "zh-Hans.lproj/LaunchScreen.strings"; sourceTree = "<group>"; };
		F9F6295422385D93002C49CD /* zh-Hant */ = {isa = PBXFileReference; lastKnownFileType = text.plist.strings; name = "zh-Hant"; path = "zh-Hant.lproj/Main.strings"; sourceTree = "<group>"; };
		F9F6295522385D93002C49CD /* zh-Hant */ = {isa = PBXFileReference; lastKnownFileType = text.plist.strings; name = "zh-Hant"; path = "zh-Hant.lproj/LaunchScreen.strings"; sourceTree = "<group>"; };
		F9F62959223865DC002C49CD /* zh-Hans */ = {isa = PBXFileReference; lastKnownFileType = text.plist.strings; name = "zh-Hans"; path = "zh-Hans.lproj/Localizable.strings"; sourceTree = "<group>"; };
		F9F6295B223865DE002C49CD /* zh-Hant */ = {isa = PBXFileReference; lastKnownFileType = text.plist.strings; name = "zh-Hant"; path = "zh-Hant.lproj/Localizable.strings"; sourceTree = "<group>"; };
/* End PBXFileReference section */

/* Begin PBXFrameworksBuildPhase section */
		F984A94B220A9D6C0037FE29 /* Frameworks */ = {
			isa = PBXFrameworksBuildPhase;
			buildActionMask = 2147483647;
			files = (
				F71A211CDB3CCD9D8CAC0D8A /* Pods_Router.framework in Frameworks */,
			);
			runOnlyForDeploymentPostprocessing = 0;
		};
/* End PBXFrameworksBuildPhase section */

/* Begin PBXGroup section */
		47ECC9957C6B32728BC676F2 /* Frameworks */ = {
			isa = PBXGroup;
			children = (
				192ADED0C72A8C5BE1DB62AD /* Pods_Router.framework */,
			);
			name = Frameworks;
			sourceTree = "<group>";
		};
		C65BD87D6A7877A7B77BD5FC /* Pods */ = {
			isa = PBXGroup;
			children = (
				661556FF083AC4D2C164D797 /* Pods-Router.debug.xcconfig */,
				52F4C94CD876BA2239000F35 /* Pods-Router.release.xcconfig */,
			);
			name = Pods;
			sourceTree = "<group>";
		};
		F900A70F2222563A00F206FA /* Connect-Views */ = {
			isa = PBXGroup;
			children = (
				F95350A02220083300B2486D /* Connect-ViewController.swift */,
				F9823F3522359D5E006A2411 /* AddNode-ViewController.swift */,
				F95350A32220A21B00B2486D /* List-ViewController.swift */,
				F900A7102222564D00F206FA /* ACL-ViewController.swift */,
				F983DF5A222692CA003C1FDD /* Subscribe-ViewController.swift */,
				F95350A722218A4300B2486D /* CommnadRead-ViewController.swift */,
			);
			path = "Connect-Views";
			sourceTree = "<group>";
		};
		F900A71422229A3F00F206FA /* Setting-Views */ = {
			isa = PBXGroup;
			children = (
				F95A3A6F222E8F7E00FEF460 /* setting.json */,
				F900A71222229A3B00F206FA /* SettingTable-ViewController.swift */,
				F95A3A71222E9AF500FEF460 /* SettingDetail-ViewController.swift */,
			);
			path = "Setting-Views";
			sourceTree = "<group>";
		};
		F91C3036220BE9E200703AF2 /* ViewControllerGroup */ = {
			isa = PBXGroup;
			children = (
				F9B81462222BBC0500EFF2CF /* UpdateNotes */,
				F9ADC517222946D000175CB1 /* Walkthrough */,
				F900A71422229A3F00F206FA /* Setting-Views */,
				F900A70F2222563A00F206FA /* Connect-Views */,
				F929430E221A6F08000E8BF2 /* App-ViewController.swift */,
				F9BC920D221A88CF0078BD67 /* Net-ViewController.swift */,
				F9BC9215221AAA5F0078BD67 /* JSON-ViewController.swift */,
				F93F1D63221BCC7700094CE0 /* Add-ViewController.swift */,
				F9990F4F220DECF9006EA8D7 /* Terminal-ViewController.swift */,
			);
			path = ViewControllerGroup;
			sourceTree = "<group>";
		};
		F971F96D220BC38600C5F4B9 /* IBInspectable */ = {
			isa = PBXGroup;
			children = (
				F971F96E220BC38600C5F4B9 /* UIButton+ExtendedHitAreaButton.swift */,
				F971F96F220BC38600C5F4B9 /* UIView+cornerRadius.swift */,
			);
			path = IBInspectable;
			sourceTree = "<group>";
		};
		F971F974220BD13800C5F4B9 /* Zeplin */ = {
			isa = PBXGroup;
			children = (
				F9E7A9B622116FF000332A01 /* UIFont+Additions.swift */,
				F971F975220BD13800C5F4B9 /* UIColor+Additions.swift */,
			);
			name = Zeplin;
			path = Router/Zeplin;
			sourceTree = SOURCE_ROOT;
		};
		F971F977220BD27100C5F4B9 /* CustomView */ = {
			isa = PBXGroup;
			children = (
				F9B4129A220BD56D00756DF8 /* CoreRunningStatusButton.xib */,
				F91C3034220BDD6200703AF2 /* CoreRunningStatusButton.swift */,
				F955F8EC220C1CCF00202323 /* ServiceStatusView.xib */,
				F95E3FD3220C1F31003046FB /* ServiceStatusView.swift */,
			);
			path = CustomView;
			sourceTree = "<group>";
		};
		F984A945220A9D6C0037FE29 = {
			isa = PBXGroup;
			children = (
				F984A950220A9D6C0037FE29 /* Router */,
				F984A94F220A9D6C0037FE29 /* Products */,
				C65BD87D6A7877A7B77BD5FC /* Pods */,
				47ECC9957C6B32728BC676F2 /* Frameworks */,
			);
			sourceTree = "<group>";
		};
		F984A94F220A9D6C0037FE29 /* Products */ = {
			isa = PBXGroup;
			children = (
				F984A94E220A9D6C0037FE29 /* Router.app */,
			);
			name = Products;
			sourceTree = "<group>";
		};
		F984A950220A9D6C0037FE29 /* Router */ = {
			isa = PBXGroup;
			children = (
				F974F6CB223624AE00F57DD8 /* Router.entitlements */,
				F984A951220A9D6C0037FE29 /* AppDelegate.swift */,
				F91C3036220BE9E200703AF2 /* ViewControllerGroup */,
				F984A955220A9D6C0037FE29 /* Main.storyboard */,
				F984A95D220A9D6C0037FE29 /* LaunchScreen.storyboard */,
				F984A95B220A9D6C0037FE29 /* Assets.xcassets */,
				F984A960220A9D6C0037FE29 /* Info.plist */,
				F984A958220A9D6C0037FE29 /* Router.xcdatamodeld */,
				F971F977220BD27100C5F4B9 /* CustomView */,
				F971F96D220BC38600C5F4B9 /* IBInspectable */,
				F971F974220BD13800C5F4B9 /* Zeplin */,
				F9990F53220E829D006EA8D7 /* DVExtension */,
				F9F6295A223865DC002C49CD /* Localizable.strings */,
			);
			path = Router;
			sourceTree = "<group>";
		};
		F9990F53220E829D006EA8D7 /* DVExtension */ = {
			isa = PBXGroup;
			children = (
				F96C81D4224DD9360019B2BA /* AppClass.swift */,
				F9A93027220EB8E100FF7482 /* AppFunctions.swift */,
				F91AAE072237D22200B190D1 /* ServiceListClass.swift */,
				F959AA1B22382A3A00551405 /* ConnectClass.swift */,
				F9BC920F221A95E90078BD67 /* NetRequest.swift */,
				F9990F51220E8298006EA8D7 /* StringExtensions.swift */,
				F92C220A2228123D0045ACBA /* UnderlinedLabel+UILabel.swift */,
				F900A7152222A66100F206FA /* DictionaryExtensions.swift */,
			);
			path = DVExtension;
			sourceTree = "<group>";
		};
		F9ADC517222946D000175CB1 /* Walkthrough */ = {
			isa = PBXGroup;
			children = (
				F9ADC51C22294AFD00175CB1 /* Walk-ViewController.swift */,
				F9ADC518222946EE00175CB1 /* WalkSetting-ViewController.swift */,
				F9ADC51A22294A3800175CB1 /* WalkDone-ViewController.swift */,
			);
			path = Walkthrough;
			sourceTree = "<group>";
		};
		F9B81462222BBC0500EFF2CF /* UpdateNotes */ = {
			isa = PBXGroup;
			children = (
				F9B81463222BBC1600EFF2CF /* UpdateNotes-ViewController.swift */,
			);
			path = UpdateNotes;
			sourceTree = "<group>";
		};
/* End PBXGroup section */

/* Begin PBXNativeTarget section */
		F984A94D220A9D6C0037FE29 /* Router */ = {
			isa = PBXNativeTarget;
			buildConfigurationList = F984A963220A9D6C0037FE29 /* Build configuration list for PBXNativeTarget "Router" */;
			buildPhases = (
				D652A7C09BCB0663BC4B87D7 /* [CP] Check Pods Manifest.lock */,
				F984A94A220A9D6C0037FE29 /* Sources */,
				F984A94B220A9D6C0037FE29 /* Frameworks */,
				F984A94C220A9D6C0037FE29 /* Resources */,
				532866836839B6390CDB5660 /* [CP] Embed Pods Frameworks */,
				F949726822BCE76F00541AD3 /* ShellScript */,
			);
			buildRules = (
			);
			dependencies = (
			);
			name = Router;
			productName = Router;
			productReference = F984A94E220A9D6C0037FE29 /* Router.app */;
			productType = "com.apple.product-type.application";
		};
/* End PBXNativeTarget section */

/* Begin PBXProject section */
		F984A946220A9D6C0037FE29 /* Project object */ = {
			isa = PBXProject;
			attributes = {
				KnownAssetTags = (
					New,
				);
				LastSwiftUpdateCheck = 1010;
				LastUpgradeCheck = 1010;
				ORGANIZATIONNAME = "庫倪";
				TargetAttributes = {
					F984A94D220A9D6C0037FE29 = {
						CreatedOnToolsVersion = 10.1;
						LastSwiftMigration = 1020;
						SystemCapabilities = {
							com.apple.AccessWiFi = {
								enabled = 0;
							};
							com.apple.ApplicationGroups.iOS = {
								enabled = 0;
							};
							com.apple.BackgroundModes = {
								enabled = 1;
							};
							com.apple.Push = {
								enabled = 1;
							};
							com.apple.Siri = {
								enabled = 1;
							};
						};
					};
				};
			};
			buildConfigurationList = F984A949220A9D6C0037FE29 /* Build configuration list for PBXProject "Router" */;
			compatibilityVersion = "Xcode 9.3";
			developmentRegion = en;
			hasScannedForEncodings = 0;
			knownRegions = (
				en,
				Base,
				"zh-Hant",
				"zh-Hans",
			);
			mainGroup = F984A945220A9D6C0037FE29;
			productRefGroup = F984A94F220A9D6C0037FE29 /* Products */;
			projectDirPath = "";
			projectRoot = "";
			targets = (
				F984A94D220A9D6C0037FE29 /* Router */,
			);
		};
/* End PBXProject section */

/* Begin PBXResourcesBuildPhase section */
		F984A94C220A9D6C0037FE29 /* Resources */ = {
			isa = PBXResourcesBuildPhase;
			buildActionMask = 2147483647;
			files = (
				F95A3A70222E8F7E00FEF460 /* setting.json in Resources */,
				F984A95F220A9D6C0037FE29 /* LaunchScreen.storyboard in Resources */,
				F955F8ED220C1CCF00202323 /* ServiceStatusView.xib in Resources */,
				F9F62958223865DC002C49CD /* Localizable.strings in Resources */,
				F984A95C220A9D6C0037FE29 /* Assets.xcassets in Resources */,
				F984A957220A9D6C0037FE29 /* Main.storyboard in Resources */,
				F9B4129B220BD56D00756DF8 /* CoreRunningStatusButton.xib in Resources */,
			);
			runOnlyForDeploymentPostprocessing = 0;
		};
/* End PBXResourcesBuildPhase section */

/* Begin PBXShellScriptBuildPhase section */
		532866836839B6390CDB5660 /* [CP] Embed Pods Frameworks */ = {
			isa = PBXShellScriptBuildPhase;
			buildActionMask = 2147483647;
			files = (
			);
			inputFileListPaths = (
				"${PODS_ROOT}/Target Support Files/Pods-Router/Pods-Router-frameworks-${CONFIGURATION}-input-files.xcfilelist",
			);
			name = "[CP] Embed Pods Frameworks";
			outputFileListPaths = (
				"${PODS_ROOT}/Target Support Files/Pods-Router/Pods-Router-frameworks-${CONFIGURATION}-output-files.xcfilelist",
			);
			runOnlyForDeploymentPostprocessing = 0;
			shellPath = /bin/sh;
			shellScript = "\"${PODS_ROOT}/Target Support Files/Pods-Router/Pods-Router-frameworks.sh\"\n";
			showEnvVarsInLog = 0;
		};
		D652A7C09BCB0663BC4B87D7 /* [CP] Check Pods Manifest.lock */ = {
			isa = PBXShellScriptBuildPhase;
			buildActionMask = 2147483647;
			files = (
			);
			inputPaths = (
				"${PODS_PODFILE_DIR_PATH}/Podfile.lock",
				"${PODS_ROOT}/Manifest.lock",
			);
			name = "[CP] Check Pods Manifest.lock";
			outputPaths = (
				"$(DERIVED_FILE_DIR)/Pods-Router-checkManifestLockResult.txt",
			);
			runOnlyForDeploymentPostprocessing = 0;
			shellPath = /bin/sh;
			shellScript = "diff \"${PODS_PODFILE_DIR_PATH}/Podfile.lock\" \"${PODS_ROOT}/Manifest.lock\" > /dev/null\nif [ $? != 0 ] ; then\n    # print error to STDERR\n    echo \"error: The sandbox is not in sync with the Podfile.lock. Run 'pod install' or update your CocoaPods installation.\" >&2\n    exit 1\nfi\n# This output is used by Xcode 'outputs' to avoid re-running this script phase.\necho \"SUCCESS\" > \"${SCRIPT_OUTPUT_FILE_0}\"\n";
			showEnvVarsInLog = 0;
		};
		F949726822BCE76F00541AD3 /* ShellScript */ = {
			isa = PBXShellScriptBuildPhase;
			buildActionMask = 2147483647;
			files = (
			);
			inputFileListPaths = (
			);
			inputPaths = (
			);
			outputFileListPaths = (
			);
			outputPaths = (
			);
			runOnlyForDeploymentPostprocessing = 0;
			shellPath = /bin/sh;
			shellScript = "#!/bin/sh\n#\n# Copyright 2016 Bugly, Tencent. All rights reserved.\n#\n# V1.4.0\n#\n# 2016.08.03\n#\n#\n#\n######################################################\n# 1. 脚本集成到Xcode工程的Target\n######################################################\n#\n# --- Copy the SCRIPT to the Run Script of Build Phases in the Xcode project ---\n#\n# #\nBUGLY_APP_ID=\"7629fe96e8\"\n# #\nBUGLY_APP_KEY=\"ae761680-789b-41c9-be95-10a2da53e69d\"\n# #\nBUNDLE_IDENTIFIER=\"com.qoli.Router\"\n# #\nUPLOAD_DSYM_ONLY=1\n#\n# # 脚本默认配置的版本格式为CFBundleShortVersionString(CFBundleVersion),  如果你修改默认的版本格式, 请设置此变量, 如果不想修改, 请忽略此设置\n# CUSTOMIZED_APP_VERSION=\"\"\n#\n# # Debug模式编译是否上传，1＝上传 0＝不上传，默认不上传\n# UPLOAD_DEBUG_SYMBOLS=0\n#\n# # 模拟器编译是否上传，1=上传 0=不上传，默认不上传\n# UPLOAD_SIMULATOR_SYMBOLS=0\n#\n# #只有Archive操作时上传, 1=支持Archive上传 0=所有Release模式编译都上传\n# UPLOAD_ARCHIVE_ONLY=0\n#\n# #\n# source dSYMUpload.sh\n#\n# --- END OF SCRIPT ---\n#\n#\n#\n#\n#######################################################\n# 2. 脚本根据输入参数处理\n#######################################################\n#\n# #命令行下输入应用基本信息, .dSYM文件的父目录路径, 输出文件目录即可\n#\n# sh dSYMUpload.sh <bugly_app_id> <bugly_app_key> <app_bundle_identifier> <app_version> <dSYM_src_dir> <bSYMBOL_dest_dir>\n#\n# #\n#\n# #注意:\n# # 1. dSYMUpload.sh会调用buglySymboliOS.jar进行.dSYM解析，所以依赖Java运行时环境\n# # 2. dSYMUpload.sh和buglySymboliOS.jar的文件路径需一致\n#\n#\n\n#\n# --- CONTENT OF SCRIPT ---\n#\n\n# Bugly服务域名\nBUGLY_DSYM_UPLOAD_DOMAIN=\"api.bugly.qq.com\"\n\n# 注意jar工具的路径跟dSYMUpload.sh脚本路径一致, 请务必保证jar路径的正确性\nBUGLY_SYMBOL_JAR_PATH=\"dsymtool/buglySymboliOS.jar\"\n# 查找添加到系统目录的jar工具\nif [ ! -f \"${BUGLY_SYMBOL_JAR_PATH}\" ]; then\nBUGLY_SYMBOL_JAR_PATH=\"$HOME/bin/buglySymboliOS.jar\"\nfi\n\n# 打印错误信息\nfunction exitWithMessage(){\necho \"--------------------------------\"\necho \"${1}\"\necho \"--------------------------------\"\nexit ${2}\n}\n\n# 上传bSYMBOL文件\nfunction dSYMUpload() {\nP_APP_ID=\"$1\"\nP_APP_KEY=\"$2\"\nP_APP_BUNDLE_ID=\"$3\"\nP_APP_VERSION=\"$4\"\nP_BSYMBOL_ZIP_FILE=\"$5\"\n\n#\nP_BSYMBOL_ZIP_FILE_NAME=${P_BSYMBOL_ZIP_FILE##*/}\nP_BSYMBOL_ZIP_FILE_NAME=${P_BSYMBOL_ZIP_FILE_NAME//&/_}\nP_BSYMBOL_ZIP_FILE_NAME=\"${P_BSYMBOL_ZIP_FILE_NAME// /_}\"\n\nDSYM_UPLOAD_URL=\"https://${BUGLY_DSYM_UPLOAD_DOMAIN}/openapi/file/upload/symbol?app_id=${P_APP_ID}&app_key=${P_APP_KEY}\"\necho \"dSYM upload url: ${DSYM_UPLOAD_URL}\"\n\necho \"-----------------------------\"\nSTATUS=$(/usr/bin/curl -k \"${DSYM_UPLOAD_URL}\" --form \"api_version=1\" --form \"app_id=${P_APP_ID}\" --form \"app_key=${P_APP_KEY}\" --form \"symbolType=2\"  --form \"bundleId=${BUNDLE_IDENTIFIER}\" --form \"productVersion=${BUGLY_APP_VERSION}\" --form \"fileName=${P_BSYMBOL_ZIP_FILE_NAME}\" --form \"file=@${P_BSYMBOL_ZIP_FILE}\" --verbose)\necho \"-----------------------------\"\n\nUPLOAD_RESULT=\"FAILTURE\"\necho \"Bugly server response: ${STATUS}\"\nif [ ! \"${STATUS}\" ]; then\necho \"Error: Failed to upload the zip archive file.\"\nelif [[ \"${STATUS}\" == *\"{\\\"reponseCode\\\":\\\"0\\\"}\"* ]]; then\necho \"Success to upload the dSYM for the app [${BUNDLE_IDENTIFIER} ${BUGLY_APP_VERSION}]\"\nUPLOAD_RESULT=\"SUCCESS\"\nelse\necho \"Error: Failed to upload the zip archive file to Bugly.\"\nfi\n\n#Remove temp dSYM archive\n#echo \"Remove temporary zip archive: ${DSYM_ZIP_FPATH}\"\n#/bin/rm -f \"${DSYM_ZIP_FPATH}\"\n\nif [ \"$?\" -ne 0 ]; then\nexitWithMessage \"Error: Failed to remove temporary zip archive.\" 0\nfi\n\necho \"--------------------------------\"\necho \"${UPLOAD_RESULT} - dSYM upload complete.\"\n\nif [[ \"${UPLOAD_RESULT}\" == \"FAILTURE\" ]]; then\necho \"--------------------------------\"\necho \"Failed to upload the dSYM\"\necho \"Please check the script and try it again.\"\nfi\n}\n\n# .dSYM解析为bSYMBOL文件\nfunction dSYMParse() {\nDSYM_FILE=\"$1\"\nDSYM_SYMBOL_FILE=\"$2\"\n\necho \"--------------------------------\"\necho \"Extract symbol info from .dSYM file. to ${DSYM_SYMBOL_FILE}\"\n(/usr/bin/java -Xms512m -Xmx1024m -Dfile.encoding=UTF8 -jar \"${BUGLY_SYMBOL_JAR_PATH}\" -i \"${DSYM_FILE}\" -o \"${DSYM_SYMBOL_FILE}\" ) || exitWithMessage \"Error: Failed to extract symbols.\" 1\necho \"--------------------------------\"\n\n}\n\n# 执行\nfunction run() {\n\nCONFIG_BUGLY_APP_ID=\"$1\"\nCONFIG_BUGLY_APP_KEY=\"$2\"\n\nCONFIG_BUGLY_APP_BUNDLE_IDENTIFIER=\"$3\"\nCONFIG_BUGLY_APP_VERSION=\"$4\"\nCONFIG_DSYM_SOURCE_DIR=\"$5\"\nCONFIG_DSYM_DEST_DIR=\"$6\"\nCONFIG_UPLOAD_DSYM_ONLY=\"$7\"\n\n# 检查必须参数是否设置\nif [ ! \"${CONFIG_BUGLY_APP_ID}\" ]; then\nexitWithMessage \"Error: Bugly App ID not defined. Please set 'BUGLY_APP_ID' \" 0\nfi\n\nif [[ \"${CONFIG_BUGLY_APP_ID}\" == *\"App ID\"* ]]; then\nexitWithMessage \"Error: Bugly App ID not defined.\" 0\nfi\n\nif [ ! \"${CONFIG_BUGLY_APP_KEY}\" ]; then\nexitWithMessage \"Error: Bugly App Key not defined.\" 0\nfi\n\nif [ ! \"${CONFIG_BUGLY_APP_BUNDLE_IDENTIFIER}\" ]; then\nexitWithMessage \"Error: Bundle Identifier not defined.\" 0\nfi\n\nif [ ! \"${CONFIG_BUGLY_APP_VERSION}\" ]; then\nexitWithMessage \"Error: App Version not defined.\" 0\nfi\n\nif [ ! -e \"${CONFIG_DSYM_SOURCE_DIR}\" ]; then\nexitWithMessage \"Error: Invalid dir ${CONFIG_DSYM_SOURCE_DIR}\" 0\nfi\n\nif [ ! \"${CONFIG_DSYM_DEST_DIR}\" ]; then\nexitWithMessage \"Error: Invalid dir ${CONFIG_DSYM_DEST_DIR}\" 0\nfi\n\nif [ ! -e \"${CONFIG_DSYM_DEST_DIR}\" ]; then\nmkdir ${CONFIG_DSYM_DEST_DIR}\nfi\n\nDSYM_FOLDER=\"${CONFIG_DSYM_SOURCE_DIR}\"\nIFS=$'\\n'\n\necho \"Scaning dSYM FOLDER: ${DSYM_FOLDER} ...\"\nRET=\"F\"\n\n#\nfor dsymFile in $(find \"$DSYM_FOLDER\" -name '*.dSYM'); do\nRET=\"T\"\necho \"Found dSYM file: $dsymFile\"\n\nDSYM_FILE_NAME=${dsymFile##*/}\nDSYM_SYMBOL_ZIP_FILE_NAME=\"${DSYM_FILE_NAME}.zip\"\nDSYM_SYMBOL_ZIP_FILE_NAME=\"${DSYM_SYMBOL_ZIP_FILE_NAME// /_}\"\nDSYM_SYMBOL_ZIP_FILE=${CONFIG_DSYM_DEST_DIR}/${DSYM_SYMBOL_ZIP_FILE_NAME}\n\nif [ $CONFIG_UPLOAD_DSYM_ONLY -eq 1 ]; then\nif [ -e $DSYM_SYMBOL_ZIP_FILE ]; then\nrm -f $DSYM_SYMBOL_ZIP_FILE\nfi\n# 如果只上传dSYM，直接压缩dSYM目录\nzip -r -j $DSYM_SYMBOL_ZIP_FILE $dsymFile -x *.plist\nelse\n# 使用符号表工具来生成Symbol文件\ndSYMParse $dsymFile $DSYM_SYMBOL_ZIP_FILE\nfi\n\n# 上传\ndSYMUpload $CONFIG_BUGLY_APP_ID $CONFIG_BUGLY_APP_KEY $CONFIG_BUGLY_APP_BUNDLE_IDENTIFIER $CONFIG_BUGLY_APP_VERSION $DSYM_SYMBOL_ZIP_FILE\ndone\n\nif [ $RET = \"F\" ]; then\nexitWithMessage \"No .dSYM found in ${DSYM_FOLDER}\" 0\nfi\n}\n\n# 在Xcode工程中执行\nfunction runInXcode(){\necho \"Uploading dSYM to Bugly in Xcode ...\"\n\necho \"Info.Plist : ${INFOPLIST_FILE}\"\n\nBUNDLE_VERSION=$(/usr/libexec/PlistBuddy -c 'Print CFBundleVersion' \"${INFOPLIST_FILE}\")\nBUNDLE_SHORT_VERSION=$(/usr/libexec/PlistBuddy -c 'Print CFBundleShortVersionString' \"${INFOPLIST_FILE}\")\n\n# 组装Bugly默认识别的版本信息(格式为CFBundleShortVersionString(CFBundleVersion), 例如: 1.0(1))\nif [ ! \"${CUSTOMIZED_APP_VERSION}\" ]; then\nBUGLY_APP_VERSION=\"${BUNDLE_SHORT_VERSION}(${BUNDLE_VERSION})\"\nelse\nBUGLY_APP_VERSION=\"${CUSTOMIZED_APP_VERSION}\"\nfi\n\necho \"--------------------------------\"\necho \"Prepare application information.\"\necho \"--------------------------------\"\n\necho \"Product Name: ${PRODUCT_NAME}\"\necho \"Bundle Identifier: ${BUNDLE_IDENTIFIER}\"\necho \"Version: ${BUNDLE_SHORT_VERSION}\"\necho \"Build: ${BUNDLE_VERSION}\"\n\necho \"Bugly App ID: ${BUGLY_APP_ID}\"\necho \"Bugly App key: ${BUGLY_APP_KEY}\"\necho \"Bugly App Version: ${BUGLY_APP_VERSION}\"\n\necho \"--------------------------------\"\necho \"Check the arguments ...\"\n\n##检查模拟器编译是否允许上传符号\nif [ \"$EFFECTIVE_PLATFORM_NAME\" == \"-iphonesimulator\" ]; then\nif [ $UPLOAD_SIMULATOR_SYMBOLS -eq 0 ]; then\nexitWithMessage \"Warning: Build for simulator and skipping to upload. \\nYou can modify 'UPLOAD_SIMULATOR_SYMBOLS' to 1 in the script.\" 0\nfi\nfi\n\n##检查是否是Release模式编译\nif [ \"${CONFIGURATION=}\" == \"Debug\" ]; then\nif [ $UPLOAD_DEBUG_SYMBOLS -eq 0 ]; then\nexitWithMessage \"Warning: Build for debug mode and skipping to upload. \\nYou can modify 'UPLOAD_DEBUG_SYMBOLS' to 1 in the script.\" 0\nfi\nfi\n\n##检查是否Archive操作\nif [ $UPLOAD_ARCHIVE_ONLY -eq 1 ]; then\nif [[ \"$TARGET_BUILD_DIR\" == *\"/Archive\"* ]]; then\necho \"Archive the package\"\nelse\nexitWithMessage \"Warning: Build for NOT Archive mode and skipping to upload. \\nYou can modify 'UPLOAD_ARCHIVE_ONLY' to 0 in the script.\" 0\nfi\nfi\n\n#\nrun ${BUGLY_APP_ID} ${BUGLY_APP_KEY} ${BUNDLE_IDENTIFIER} ${BUGLY_APP_VERSION} ${DWARF_DSYM_FOLDER_PATH} ${BUILD_DIR}/BuglySymbolTemp ${UPLOAD_DSYM_ONLY}\n}\n\n# 根据Xcode的环境变量判断是否处于Xcode环境\nINFO_PLIST_FILE=\"${INFOPLIST_FILE}\"\n\nBuildInXcode=\"F\"\nif [ -f \"${INFO_PLIST_FILE}\" ]; then\nBuildInXcode=\"T\"\nfi\n\nif [ $BuildInXcode = \"T\" ]; then\nrunInXcode\nelse\necho \"\\nUsage: dSYMUpload.sh <bugly_app_id> <bugly_app_key> <app_bundle_identifier> <app_version> <dSYM_src_dir> <bSYMBOL_dest_dir> [upload_dsym_only]\\n\"\n# 你可以在此处直接设置BuglyAppID和BuglyAppKey，排除不常变参数的输入\nBUGLY_APP_ID=\"$1\"\nBUGLY_APP_KEY=\"$2\"\nBUNDLE_IDENTIFIER=\"$3\"\nBUGLY_APP_VERSION=\"$4\"\nDWARF_DSYM_FOLDER_PATH=\"$5\"\nSYMBOL_OUTPUT_PATH=\"$6\"\nUPLOAD_DSYM_ONLY=$7\nrun ${BUGLY_APP_ID} ${BUGLY_APP_KEY} ${BUNDLE_IDENTIFIER} ${BUGLY_APP_VERSION} ${DWARF_DSYM_FOLDER_PATH} ${SYMBOL_OUTPUT_PATH} ${UPLOAD_DSYM_ONLY}\nfi\n";
		};
/* End PBXShellScriptBuildPhase section */

/* Begin PBXSourcesBuildPhase section */
		F984A94A220A9D6C0037FE29 /* Sources */ = {
			isa = PBXSourcesBuildPhase;
			buildActionMask = 2147483647;
			files = (
				F9E7A9B722116FF000332A01 /* UIFont+Additions.swift in Sources */,
				F9990F52220E8298006EA8D7 /* StringExtensions.swift in Sources */,
				F900A7162222A66100F206FA /* DictionaryExtensions.swift in Sources */,
				F91C3035220BDD6200703AF2 /* CoreRunningStatusButton.swift in Sources */,
				F95E3FD4220C1F31003046FB /* ServiceStatusView.swift in Sources */,
				F95350A12220083300B2486D /* Connect-ViewController.swift in Sources */,
				F92C220B2228123D0045ACBA /* UnderlinedLabel+UILabel.swift in Sources */,
				F96C81D5224DD9360019B2BA /* AppClass.swift in Sources */,
				F9B81464222BBC1600EFF2CF /* UpdateNotes-ViewController.swift in Sources */,
				F9823F3622359D5E006A2411 /* AddNode-ViewController.swift in Sources */,
				F983DF5B222692CA003C1FDD /* Subscribe-ViewController.swift in Sources */,
				F929430F221A6F08000E8BF2 /* App-ViewController.swift in Sources */,
				F984A95A220A9D6C0037FE29 /* Router.xcdatamodeld in Sources */,
				F900A7112222564D00F206FA /* ACL-ViewController.swift in Sources */,
				F9BC9216221AAA5F0078BD67 /* JSON-ViewController.swift in Sources */,
				F959AA1C22382A3A00551405 /* ConnectClass.swift in Sources */,
				F95350A42220A21B00B2486D /* List-ViewController.swift in Sources */,
				F9ADC519222946EE00175CB1 /* WalkSetting-ViewController.swift in Sources */,
				F95350A822218A4300B2486D /* CommnadRead-ViewController.swift in Sources */,
				F984A952220A9D6C0037FE29 /* AppDelegate.swift in Sources */,
				F971F970220BC38600C5F4B9 /* UIButton+ExtendedHitAreaButton.swift in Sources */,
				F971F971220BC38600C5F4B9 /* UIView+cornerRadius.swift in Sources */,
				F971F976220BD13800C5F4B9 /* UIColor+Additions.swift in Sources */,
				F9BC920E221A88CF0078BD67 /* Net-ViewController.swift in Sources */,
				F93F1D64221BCC7700094CE0 /* Add-ViewController.swift in Sources */,
				F95A3A72222E9AF500FEF460 /* SettingDetail-ViewController.swift in Sources */,
				F900A71322229A3B00F206FA /* SettingTable-ViewController.swift in Sources */,
				F91AAE082237D22200B190D1 /* ServiceListClass.swift in Sources */,
				F9990F50220DECF9006EA8D7 /* Terminal-ViewController.swift in Sources */,
				F9BC9210221A95E90078BD67 /* NetRequest.swift in Sources */,
				F9A93028220EB8E100FF7482 /* AppFunctions.swift in Sources */,
				F9ADC51B22294A3800175CB1 /* WalkDone-ViewController.swift in Sources */,
				F9ADC51D22294AFD00175CB1 /* Walk-ViewController.swift in Sources */,
			);
			runOnlyForDeploymentPostprocessing = 0;
		};
/* End PBXSourcesBuildPhase section */

/* Begin PBXVariantGroup section */
		F984A955220A9D6C0037FE29 /* Main.storyboard */ = {
			isa = PBXVariantGroup;
			children = (
				F984A956220A9D6C0037FE29 /* Base */,
				F9F6295222385D8D002C49CD /* zh-Hans */,
				F9F6295422385D93002C49CD /* zh-Hant */,
			);
			name = Main.storyboard;
			sourceTree = "<group>";
		};
		F984A95D220A9D6C0037FE29 /* LaunchScreen.storyboard */ = {
			isa = PBXVariantGroup;
			children = (
				F984A95E220A9D6C0037FE29 /* Base */,
				F9F6295322385D8D002C49CD /* zh-Hans */,
				F9F6295522385D93002C49CD /* zh-Hant */,
			);
			name = LaunchScreen.storyboard;
			sourceTree = "<group>";
		};
		F9F6295A223865DC002C49CD /* Localizable.strings */ = {
			isa = PBXVariantGroup;
			children = (
				F9F62959223865DC002C49CD /* zh-Hans */,
				F9F6295B223865DE002C49CD /* zh-Hant */,
			);
			name = Localizable.strings;
			sourceTree = "<group>";
		};
/* End PBXVariantGroup section */

/* Begin XCBuildConfiguration section */
		F984A961220A9D6C0037FE29 /* Debug */ = {
			isa = XCBuildConfiguration;
			buildSettings = {
				ALWAYS_SEARCH_USER_PATHS = NO;
				CLANG_ANALYZER_LOCALIZABILITY_NONLOCALIZED = YES;
				CLANG_ANALYZER_NONNULL = YES;
				CLANG_ANALYZER_NUMBER_OBJECT_CONVERSION = YES_AGGRESSIVE;
				CLANG_CXX_LANGUAGE_STANDARD = "gnu++14";
				CLANG_CXX_LIBRARY = "libc++";
				CLANG_ENABLE_MODULES = YES;
				CLANG_ENABLE_OBJC_ARC = YES;
				CLANG_ENABLE_OBJC_WEAK = YES;
				CLANG_WARN_BLOCK_CAPTURE_AUTORELEASING = YES;
				CLANG_WARN_BOOL_CONVERSION = YES;
				CLANG_WARN_COMMA = YES;
				CLANG_WARN_CONSTANT_CONVERSION = YES;
				CLANG_WARN_DEPRECATED_OBJC_IMPLEMENTATIONS = YES;
				CLANG_WARN_DIRECT_OBJC_ISA_USAGE = YES_ERROR;
				CLANG_WARN_DOCUMENTATION_COMMENTS = YES;
				CLANG_WARN_EMPTY_BODY = YES;
				CLANG_WARN_ENUM_CONVERSION = YES;
				CLANG_WARN_INFINITE_RECURSION = YES;
				CLANG_WARN_INT_CONVERSION = YES;
				CLANG_WARN_NON_LITERAL_NULL_CONVERSION = YES;
				CLANG_WARN_OBJC_IMPLICIT_RETAIN_SELF = YES;
				CLANG_WARN_OBJC_LITERAL_CONVERSION = YES;
				CLANG_WARN_OBJC_ROOT_CLASS = YES_ERROR;
				CLANG_WARN_RANGE_LOOP_ANALYSIS = YES;
				CLANG_WARN_STRICT_PROTOTYPES = YES;
				CLANG_WARN_SUSPICIOUS_MOVE = YES;
				CLANG_WARN_UNGUARDED_AVAILABILITY = YES_AGGRESSIVE;
				CLANG_WARN_UNREACHABLE_CODE = YES;
				CLANG_WARN__DUPLICATE_METHOD_MATCH = YES;
				CODE_SIGN_IDENTITY = "iPhone Developer";
				COPY_PHASE_STRIP = NO;
				DEBUG_INFORMATION_FORMAT = "dwarf-with-dsym";
				ENABLE_STRICT_OBJC_MSGSEND = YES;
				ENABLE_TESTABILITY = YES;
				GCC_C_LANGUAGE_STANDARD = gnu11;
				GCC_DYNAMIC_NO_PIC = NO;
				GCC_NO_COMMON_BLOCKS = YES;
				GCC_OPTIMIZATION_LEVEL = 0;
				GCC_PREPROCESSOR_DEFINITIONS = (
					"DEBUG=1",
					"$(inherited)",
				);
				GCC_WARN_64_TO_32_BIT_CONVERSION = YES;
				GCC_WARN_ABOUT_RETURN_TYPE = YES_ERROR;
				GCC_WARN_UNDECLARED_SELECTOR = YES;
				GCC_WARN_UNINITIALIZED_AUTOS = YES_AGGRESSIVE;
				GCC_WARN_UNUSED_FUNCTION = YES;
				GCC_WARN_UNUSED_VARIABLE = YES;
				IPHONEOS_DEPLOYMENT_TARGET = 12.1;
				MTL_ENABLE_DEBUG_INFO = INCLUDE_SOURCE;
				MTL_FAST_MATH = YES;
				ONLY_ACTIVE_ARCH = YES;
				SDKROOT = iphoneos;
				SWIFT_ACTIVE_COMPILATION_CONDITIONS = DEBUG;
				SWIFT_OPTIMIZATION_LEVEL = "-Onone";
			};
			name = Debug;
		};
		F984A962220A9D6C0037FE29 /* Release */ = {
			isa = XCBuildConfiguration;
			buildSettings = {
				ALWAYS_SEARCH_USER_PATHS = NO;
				CLANG_ANALYZER_LOCALIZABILITY_NONLOCALIZED = YES;
				CLANG_ANALYZER_NONNULL = YES;
				CLANG_ANALYZER_NUMBER_OBJECT_CONVERSION = YES_AGGRESSIVE;
				CLANG_CXX_LANGUAGE_STANDARD = "gnu++14";
				CLANG_CXX_LIBRARY = "libc++";
				CLANG_ENABLE_MODULES = YES;
				CLANG_ENABLE_OBJC_ARC = YES;
				CLANG_ENABLE_OBJC_WEAK = YES;
				CLANG_WARN_BLOCK_CAPTURE_AUTORELEASING = YES;
				CLANG_WARN_BOOL_CONVERSION = YES;
				CLANG_WARN_COMMA = YES;
				CLANG_WARN_CONSTANT_CONVERSION = YES;
				CLANG_WARN_DEPRECATED_OBJC_IMPLEMENTATIONS = YES;
				CLANG_WARN_DIRECT_OBJC_ISA_USAGE = YES_ERROR;
				CLANG_WARN_DOCUMENTATION_COMMENTS = YES;
				CLANG_WARN_EMPTY_BODY = YES;
				CLANG_WARN_ENUM_CONVERSION = YES;
				CLANG_WARN_INFINITE_RECURSION = YES;
				CLANG_WARN_INT_CONVERSION = YES;
				CLANG_WARN_NON_LITERAL_NULL_CONVERSION = YES;
				CLANG_WARN_OBJC_IMPLICIT_RETAIN_SELF = YES;
				CLANG_WARN_OBJC_LITERAL_CONVERSION = YES;
				CLANG_WARN_OBJC_ROOT_CLASS = YES_ERROR;
				CLANG_WARN_RANGE_LOOP_ANALYSIS = YES;
				CLANG_WARN_STRICT_PROTOTYPES = YES;
				CLANG_WARN_SUSPICIOUS_MOVE = YES;
				CLANG_WARN_UNGUARDED_AVAILABILITY = YES_AGGRESSIVE;
				CLANG_WARN_UNREACHABLE_CODE = YES;
				CLANG_WARN__DUPLICATE_METHOD_MATCH = YES;
				CODE_SIGN_IDENTITY = "iPhone Developer";
				COPY_PHASE_STRIP = NO;
				DEBUG_INFORMATION_FORMAT = "dwarf-with-dsym";
				ENABLE_NS_ASSERTIONS = NO;
				ENABLE_STRICT_OBJC_MSGSEND = YES;
				GCC_C_LANGUAGE_STANDARD = gnu11;
				GCC_NO_COMMON_BLOCKS = YES;
				GCC_WARN_64_TO_32_BIT_CONVERSION = YES;
				GCC_WARN_ABOUT_RETURN_TYPE = YES_ERROR;
				GCC_WARN_UNDECLARED_SELECTOR = YES;
				GCC_WARN_UNINITIALIZED_AUTOS = YES_AGGRESSIVE;
				GCC_WARN_UNUSED_FUNCTION = YES;
				GCC_WARN_UNUSED_VARIABLE = YES;
				IPHONEOS_DEPLOYMENT_TARGET = 12.1;
				MTL_ENABLE_DEBUG_INFO = NO;
				MTL_FAST_MATH = YES;
				SDKROOT = iphoneos;
				SWIFT_COMPILATION_MODE = wholemodule;
				SWIFT_OPTIMIZATION_LEVEL = "-O";
				VALIDATE_PRODUCT = YES;
			};
			name = Release;
		};
		F984A964220A9D6C0037FE29 /* Debug */ = {
			isa = XCBuildConfiguration;
			baseConfigurationReference = 661556FF083AC4D2C164D797 /* Pods-Router.debug.xcconfig */;
			buildSettings = {
				ASSETCATALOG_COMPILER_APPICON_NAME = AppIcon;
				CODE_SIGN_ENTITLEMENTS = Router/Router.entitlements;
				CODE_SIGN_IDENTITY = "iPhone Developer";
				CODE_SIGN_STYLE = Automatic;
				CURRENT_PROJECT_VERSION = 65;
				DEVELOPMENT_TEAM = WQY45CL427;
				DYLIB_CURRENT_VERSION = 65;
				INFOPLIST_FILE = Router/Info.plist;
				IPHONEOS_DEPLOYMENT_TARGET = 11.1;
				LD_RUNPATH_SEARCH_PATHS = (
					"$(inherited)",
					"@executable_path/Frameworks",
				);
				LIBRARY_SEARCH_PATHS = "$(inherited)";
				PRODUCT_BUNDLE_IDENTIFIER = com.qoli.Router;
				PRODUCT_NAME = "$(TARGET_NAME)";
				PROVISIONING_PROFILE_SPECIFIER = "";
				SWIFT_VERSION = 5.0;
				TARGETED_DEVICE_FAMILY = 1;
			};
			name = Debug;
		};
		F984A965220A9D6C0037FE29 /* Release */ = {
			isa = XCBuildConfiguration;
			baseConfigurationReference = 52F4C94CD876BA2239000F35 /* Pods-Router.release.xcconfig */;
			buildSettings = {
				ASSETCATALOG_COMPILER_APPICON_NAME = AppIcon;
				CODE_SIGN_ENTITLEMENTS = Router/Router.entitlements;
				CODE_SIGN_IDENTITY = "iPhone Developer";
				CODE_SIGN_STYLE = Automatic;
				CURRENT_PROJECT_VERSION = 65;
				DEVELOPMENT_TEAM = WQY45CL427;
				DYLIB_CURRENT_VERSION = 65;
				INFOPLIST_FILE = Router/Info.plist;
				IPHONEOS_DEPLOYMENT_TARGET = 11.1;
				LD_RUNPATH_SEARCH_PATHS = (
					"$(inherited)",
					"@executable_path/Frameworks",
				);
				LIBRARY_SEARCH_PATHS = "$(inherited)";
				PRODUCT_BUNDLE_IDENTIFIER = com.qoli.Router;
				PRODUCT_NAME = "$(TARGET_NAME)";
				PROVISIONING_PROFILE_SPECIFIER = "";
				SWIFT_VERSION = 5.0;
				TARGETED_DEVICE_FAMILY = 1;
			};
			name = Release;
		};
/* End XCBuildConfiguration section */

/* Begin XCConfigurationList section */
		F984A949220A9D6C0037FE29 /* Build configuration list for PBXProject "Router" */ = {
			isa = XCConfigurationList;
			buildConfigurations = (
				F984A961220A9D6C0037FE29 /* Debug */,
				F984A962220A9D6C0037FE29 /* Release */,
			);
			defaultConfigurationIsVisible = 0;
			defaultConfigurationName = Release;
		};
		F984A963220A9D6C0037FE29 /* Build configuration list for PBXNativeTarget "Router" */ = {
			isa = XCConfigurationList;
			buildConfigurations = (
				F984A964220A9D6C0037FE29 /* Debug */,
				F984A965220A9D6C0037FE29 /* Release */,
			);
			defaultConfigurationIsVisible = 0;
			defaultConfigurationName = Release;
		};
/* End XCConfigurationList section */

/* Begin XCVersionGroup section */
		F984A958220A9D6C0037FE29 /* Router.xcdatamodeld */ = {
			isa = XCVersionGroup;
			children = (
				F984A959220A9D6C0037FE29 /* Router.xcdatamodel */,
			);
			currentVersion = F984A959220A9D6C0037FE29 /* Router.xcdatamodel */;
			path = Router.xcdatamodeld;
			sourceTree = "<group>";
			versionGroupType = wrapper.xcdatamodel;
		};
/* End XCVersionGroup section */
	};
	rootObject = F984A946220A9D6C0037FE29 /* Project object */;
}
